{
  "name": "bible-ref-parser",
  "version": "1.0.1",
  "lockfileVersion": 3,
  "requires": true,
  "packages": {
    "": {
      "name": "bible-ref-parser",
      "version": "1.0.1",
      "license": "MIT",
      "dependencies": {
        "bible-abbreviation": "^0.0.3"
      },
      "devDependencies": {
        "typescript": "^5.3.3"
      }
    },
    "node_modules/bible-abbreviation": {
      "version": "0.0.3",
      "resolved": "https://registry.npmjs.org/bible-abbreviation/-/bible-abbreviation-0.0.3.tgz",
      "integrity": "sha512-G28wPQOEk2NNv1IpvDrtAxiKFUQEUltBZHnvM1G7VTaHw654Jc1uxuExjRysn/zt98SyKVV27iIZmggcbkLQGA==",
      "dependencies": {
        "unidecode": "^0.1.8"
      }
    },
    "node_modules/typescript": {
      "version": "5.3.3",
      "resolved": "https://registry.npmjs.org/typescript/-/typescript-5.3.3.tgz",
      "integrity": "sha512-pXWcraxM0uxAS+tN0AG/BF2TyqmHO014Z070UsJ+pFvYuRSq8KH8DmWpnbXe0pEPDHXZV3FcAbJkijJ5oNEnWw==",
      "dev": true,
      "bin": {
        "tsc": "bin/tsc",
        "tsserver": "bin/tsserver"
      },
      "engines": {
        "node": ">=14.17"
      }
    },
    "node_modules/unidecode": {
      "version": "0.1.8",
      "resolved": "https://registry.npmjs.org/unidecode/-/unidecode-0.1.8.tgz",
      "integrity": "sha512-SdoZNxCWpN2tXTCrGkPF/0rL2HEq+i2gwRG1ReBvx8/0yTzC3enHfugOf8A9JBShVwwrRIkLX0YcDUGbzjbVCA==",
      "engines": {
        "node": ">= 0.4.12"
      }
    }
  }
}
